// !$*UTF8*$!
{
	archiveVersion = 1;
	classes = {
	};
	objectVersion = 50;
	objects = {

/* Begin PBXBuildFile section */
		DE85E5FE23644C28003F7089 /* AppDelegate.swift in Sources */ = {isa = PBXBuildFile; fileRef = DE85E5FD23644C28003F7089 /* AppDelegate.swift */; };
		DE85E60023644C28003F7089 /* SceneDelegate.swift in Sources */ = {isa = PBXBuildFile; fileRef = DE85E5FF23644C28003F7089 /* SceneDelegate.swift */; };
		DE85E60223644C28003F7089 /* ViewController.swift in Sources */ = {isa = PBXBuildFile; fileRef = DE85E60123644C28003F7089 /* ViewController.swift */; };
		DE85E60523644C28003F7089 /* Main.storyboard in Resources */ = {isa = PBXBuildFile; fileRef = DE85E60323644C28003F7089 /* Main.storyboard */; };
		DE85E60723644C29003F7089 /* Assets.xcassets in Resources */ = {isa = PBXBuildFile; fileRef = DE85E60623644C29003F7089 /* Assets.xcassets */; };
		DE85E60A23644C29003F7089 /* LaunchScreen.storyboard in Resources */ = {isa = PBXBuildFile; fileRef = DE85E60823644C29003F7089 /* LaunchScreen.storyboard */; };
/* End PBXBuildFile section */

/* Begin PBXFileReference section */
		DE85E5FA23644C28003F7089 /* SwiftLab_HW-4.app */ = {isa = PBXFileReference; explicitFileType = wrapper.application; includeInIndex = 0; path = "SwiftLab_HW-4.app"; sourceTree = BUILT_PRODUCTS_DIR; };
		DE85E5FD23644C28003F7089 /* AppDelegate.swift */ = {isa = PBXFileReference; lastKnownFileType = sourcecode.swift; path = AppDelegate.swift; sourceTree = "<group>"; };
		DE85E5FF23644C28003F7089 /* SceneDelegate.swift */ = {isa = PBXFileReference; lastKnownFileType = sourcecode.swift; path = SceneDelegate.swift; sourceTree = "<group>"; };
		DE85E60123644C28003F7089 /* ViewController.swift */ = {isa = PBXFileReference; lastKnownFileType = sourcecode.swift; path = ViewController.swift; sourceTree = "<group>"; };
		DE85E60423644C28003F7089 /* Base */ = {isa = PBXFileReference; lastKnownFileType = file.storyboard; name = Base; path = Base.lproj/Main.storyboard; sourceTree = "<group>"; };
		DE85E60623644C29003F7089 /* Assets.xcassets */ = {isa = PBXFileReference; lastKnownFileType = folder.assetcatalog; path = Assets.xcassets; sourceTree = "<group>"; };
		DE85E60923644C29003F7089 /* Base */ = {isa = PBXFileReference; lastKnownFileType = file.storyboard; name = Base; path = Base.lproj/LaunchScreen.storyboard; sourceTree = "<group>"; };
		DE85E60B23644C29003F7089 /* Info.plist */ = {isa = PBXFileReference; lastKnownFileType = text.plist.xml; path = Info.plist; sourceTree = "<group>"; };
/* End PBXFileReference section */

/* Begin PBXFrameworksBuildPhase section */
		DE85E5F723644C28003F7089 /* Frameworks */ = {
			isa = PBXFrameworksBuildPhase;
			buildActionMask = 2147483647;
			files = (
			);
			runOnlyForDeploymentPostprocessing = 0;
		};
/* End PBXFrameworksBuildPhase section */

/* Begin PBXGroup section */
		DE85E5F123644C28003F7089 = {
			isa = PBXGroup;
			children = (
				DE85E5FC23644C28003F7089 /* SwiftLab_HW-4 */,
				DE85E5FB23644C28003F7089 /* Products */,
			);
			sourceTree = "<group>";
		};
		DE85E5FB23644C28003F7089 /* Products */ = {
			isa = PBXGroup;
			children = (
				DE85E5FA23644C28003F7089 /* SwiftLab_HW-4.app */,
			);
			name = Products;
			sourceTree = "<group>";
		};
		DE85E5FC23644C28003F7089 /* SwiftLab_HW-4 */ = {
			isa = PBXGroup;
			children = (
				DE85E5FD23644C28003F7089 /* AppDelegate.swift */,
				DE85E5FF23644C28003F7089 /* SceneDelegate.swift */,
				DE85E60123644C28003F7089 /* ViewController.swift */,
				DE85E60323644C28003F7089 /* Main.storyboard */,
				DE85E60623644C29003F7089 /* Assets.xcassets */,
				DE85E60823644C29003F7089 /* LaunchScreen.storyboard */,
				DE85E60B23644C29003F7089 /* Info.plist */,
			);
			path = "SwiftLab_HW-4";
			sourceTree = "<group>";
		};
/* End PBXGroup section */

/* Begin PBXNativeTarget section */
		DE85E5F923644C28003F7089 /* SwiftLab_HW-4 */ = {
			isa = PBXNativeTarget;
			buildConfigurationList = DE85E60E23644C29003F7089 /* Build configuration list for PBXNativeTarget "SwiftLab_HW-4" */;
			buildPhases = (
				DE85E5F623644C28003F7089 /* Sources */,
				DE85E5F723644C28003F7089 /* Frameworks */,
				DE85E5F823644C28003F7089 /* Resources */,
			);
			buildRules = (
			);
			dependencies = (
			);
			name = "SwiftLab_HW-4";
			productName = "SwiftLab_HW-4";
			productReference = DE85E5FA23644C28003F7089 /* SwiftLab_HW-4.app */;
			productType = "com.apple.product-type.application";
		};
/* End PBXNativeTarget section */

/* Begin PBXProject section */
		DE85E5F223644C28003F7089 /* Project object */ = {
			isa = PBXProject;
			attributes = {
				LastSwiftUpdateCheck = 1110;
				LastUpgradeCheck = 1110;
				ORGANIZATIONNAME = "Grigorij Verba";
				TargetAttributes = {
					DE85E5F923644C28003F7089 = {
						CreatedOnToolsVersion = 11.1;
					};
				};
			};
			buildConfigurationList = DE85E5F523644C28003F7089 /* Build configuration list for PBXProject "SwiftLab_HW-4" */;
			compatibilityVersion = "Xcode 9.3";
			developmentRegion = en;
			hasScannedForEncodings = 0;
			knownRegions = (
				en,
				Base,
			);
			mainGroup = DE85E5F123644C28003F7089;
			productRefGroup = DE85E5FB23644C28003F7089 /* Products */;
			projectDirPath = "";
			projectRoot = "";
			targets = (
				DE85E5F923644C28003F7089 /* SwiftLab_HW-4 */,
			);
		};
/* End PBXProject section */

/* Begin PBXResourcesBuildPhase section */
		DE85E5F823644C28003F7089 /* Resources */ = {
			isa = PBXResourcesBuildPhase;
			buildActionMask = 2147483647;
			files = (
				DE85E60A23644C29003F7089 /* LaunchScreen.storyboard in Resources */,
				DE85E60723644C29003F7089 /* Assets.xcassets in Resources */,
				DE85E60523644C28003F7089 /* Main.storyboard in Resources */,
			);
			runOnlyForDeploymentPostprocessing = 0;
		};
/* End PBXResourcesBuildPhase section */

/* Begin PBXSourcesBuildPhase section */
		DE85E5F623644C28003F7089 /* Sources */ = {
			isa = PBXSourcesBuildPhase;
			buildActionMask = 2147483647;
			files = (
				DE85E60223644C28003F7089 /* ViewController.swift in Sources */,
				DE85E5FE23644C28003F7089 /* AppDelegate.swift in Sources */,
				DE85E60023644C28003F7089 /* SceneDelegate.swift in Sources */,
			);
			runOnlyForDeploymentPostprocessing = 0;
		};
/* End PBXSourcesBuildPhase section */

/* Begin PBXVariantGroup section */
		DE85E60323644C28003F7089 /* Main.storyboard */ = {
			isa = PBXVariantGroup;
			children = (
				DE85E60423644C28003F7089 /* Base */,
			);
			name = Main.storyboard;
			sourceTree = "<group>";
		};
		DE85E60823644C29003F7089 /* LaunchScreen.storyboard */ = {
			isa = PBXVariantGroup;
			children = (
				DE85E60923644C29003F7089 /* Base */,
			);
			name = LaunchScreen.storyboard;
			sourceTree = "<group>";
		};
/* End PBXVariantGroup section */

/* Begin XCBuildConfiguration section */
		DE85E60C23644C29003F7089 /* Debug */ = {
			isa = XCBuildConfiguration;
			buildSettings = {
				ALWAYS_SEARCH_USER_PATHS = NO;
				CLANG_ANALYZER_NONNULL = YES;
				CLANG_ANALYZER_NUMBER_OBJECT_CONVERSION = YES_AGGRESSIVE;
				CLANG_CXX_LANGUAGE_STANDARD = "gnu++14";
				CLANG_CXX_LIBRARY = "libc++";
				CLANG_ENABLE_MODULES = YES;
				CLANG_ENABLE_OBJC_ARC = YES;
				CLANG_ENABLE_OBJC_WEAK = YES;
				CLANG_WARN_BLOCK_CAPTURE_AUTORELEASING = YES;
				CLANG_WARN_BOOL_CONVERSION = YES;
				CLANG_WARN_COMMA = YES;
				CLANG_WARN_CONSTANT_CONVERSION = YES;
				CLANG_WARN_DEPRECATED_OBJC_IMPLEMENTATIONS = YES;
				CLANG_WARN_DIRECT_OBJC_ISA_USAGE = YES_ERROR;
				CLANG_WARN_DOCUMENTATION_COMMENTS = YES;
				CLANG_WARN_EMPTY_BODY = YES;
				CLANG_WARN_ENUM_CONVERSION = YES;
				CLANG_WARN_INFINITE_RECURSION = YES;
				CLANG_WARN_INT_CONVERSION = YES;
				CLANG_WARN_NON_LITERAL_NULL_CONVERSION = YES;
				CLANG_WARN_OBJC_IMPLICIT_RETAIN_SELF = YES;
				CLANG_WARN_OBJC_LITERAL_CONVERSION = YES;
				CLANG_WARN_OBJC_ROOT_CLASS = YES_ERROR;
				CLANG_WARN_RANGE_LOOP_ANALYSIS = YES;
				CLANG_WARN_STRICT_PROTOTYPES = YES;
				CLANG_WARN_SUSPICIOUS_MOVE = YES;
				CLANG_WARN_UNGUARDED_AVAILABILITY = YES_AGGRESSIVE;
				CLANG_WARN_UNREACHABLE_CODE = YES;
				CLANG_WARN__DUPLICATE_METHOD_MATCH = YES;
				COPY_PHASE_STRIP = NO;
				DEBUG_INFORMATION_FORMAT = dwarf;
				ENABLE_STRICT_OBJC_MSGSEND = YES;
				ENABLE_TESTABILITY = YES;
				GCC_C_LANGUAGE_STANDARD = gnu11;
				GCC_DYNAMIC_NO_PIC = NO;
				GCC_NO_COMMON_BLOCKS = YES;
				GCC_OPTIMIZATION_LEVEL = 0;
				GCC_PREPROCESSOR_DEFINITIONS = (
					"DEBUG=1",
					"$(inherited)",
				);
				GCC_WARN_64_TO_32_BIT_CONVERSION = YES;
				GCC_WARN_ABOUT_RETURN_TYPE = YES_ERROR;
				GCC_WARN_UNDECLARED_SELECTOR = YES;
				GCC_WARN_UNINITIALIZED_AUTOS = YES_AGGRESSIVE;
				GCC_WARN_UNUSED_FUNCTION = YES;
				GCC_WARN_UNUSED_VARIABLE = YES;
				IPHONEOS_DEPLOYMENT_TARGET = 12.0;
				MTL_ENABLE_DEBUG_INFO = INCLUDE_SOURCE;
				MTL_FAST_MATH = YES;
				ONLY_ACTIVE_ARCH = YES;
				SDKROOT = iphoneos;
				SWIFT_ACTIVE_COMPILATION_CONDITIONS = DEBUG;
				SWIFT_OPTIMIZATION_LEVEL = "-Onone";
			};
			name = Debug;
		};
		DE85E60D23644C29003F7089 /* Release */ = {
			isa = XCBuildConfiguration;
			buildSettings = {
				ALWAYS_SEARCH_USER_PATHS = NO;
				CLANG_ANALYZER_NONNULL = YES;
				CLANG_ANALYZER_NUMBER_OBJECT_CONVERSION = YES_AGGRESSIVE;
				CLANG_CXX_LANGUAGE_STANDARD = "gnu++14";
				CLANG_CXX_LIBRARY = "libc++";
				CLANG_ENABLE_MODULES = YES;
				CLANG_ENABLE_OBJC_ARC = YES;
				CLANG_ENABLE_OBJC_WEAK = YES;
				CLANG_WARN_BLOCK_CAPTURE_AUTORELEASING = YES;
				CLANG_WARN_BOOL_CONVERSION = YES;
				CLANG_WARN_COMMA = YES;
				CLANG_WARN_CONSTANT_CONVERSION = YES;
				CLANG_WARN_DEPRECATED_OBJC_IMPLEMENTATIONS = YES;
				CLANG_WARN_DIRECT_OBJC_ISA_USAGE = YES_ERROR;
				CLANG_WARN_DOCUMENTATION_COMMENTS = YES;
				CLANG_WARN_EMPTY_BODY = YES;
				CLANG_WARN_ENUM_CONVERSION = YES;
				CLANG_WARN_INFINITE_RECURSION = YES;
				CLANG_WARN_INT_CONVERSION = YES;
				CLANG_WARN_NON_LITERAL_NULL_CONVERSION = YES;
				CLANG_WARN_OBJC_IMPLICIT_RETAIN_SELF = YES;
				CLANG_WARN_OBJC_LITERAL_CONVERSION = YES;
				CLANG_WARN_OBJC_ROOT_CLASS = YES_ERROR;
				CLANG_WARN_RANGE_LOOP_ANALYSIS = YES;
				CLANG_WARN_STRICT_PROTOTYPES = YES;
				CLANG_WARN_SUSPICIOUS_MOVE = YES;
				CLANG_WARN_UNGUARDED_AVAILABILITY = YES_AGGRESSIVE;
				CLANG_WARN_UNREACHABLE_CODE = YES;
				CLANG_WARN__DUPLICATE_METHOD_MATCH = YES;
				COPY_PHASE_STRIP = NO;
				DEBUG_INFORMATION_FORMAT = "dwarf-with-dsym";
				ENABLE_NS_ASSERTIONS = NO;
				ENABLE_STRICT_OBJC_MSGSEND = YES;
				GCC_C_LANGUAGE_STANDARD = gnu11;
				GCC_NO_COMMON_BLOCKS = YES;
				GCC_WARN_64_TO_32_BIT_CONVERSION = YES;
				GCC_WARN_ABOUT_RETURN_TYPE = YES_ERROR;
				GCC_WARN_UNDECLARED_SELECTOR = YES;
				GCC_WARN_UNINITIALIZED_AUTOS = YES_AGGRESSIVE;
				GCC_WARN_UNUSED_FUNCTION = YES;
				GCC_WARN_UNUSED_VARIABLE = YES;
				IPHONEOS_DEPLOYMENT_TARGET = 12.0;
				MTL_ENABLE_DEBUG_INFO = NO;
				MTL_FAST_MATH = YES;
				SDKROOT = iphoneos;
				SWIFT_COMPILATION_MODE = wholemodule;
				SWIFT_OPTIMIZATION_LEVEL = "-O";
				VALIDATE_PRODUCT = YES;
			};
			name = Release;
		};
		DE85E60F23644C29003F7089 /* Debug */ = {
			isa = XCBuildConfiguration;
			buildSettings = {
				ASSETCATALOG_COMPILER_APPICON_NAME = AppIcon;
				CODE_SIGN_STYLE = Automatic;
				DEVELOPMENT_TEAM = 8852FM5HMX;
				INFOPLIST_FILE = "SwiftLab_HW-4/Info.plist";
				LD_RUNPATH_SEARCH_PATHS = (
					"$(inherited)",
					"@executable_path/Frameworks",
				);
				PRODUCT_BUNDLE_IDENTIFIER = "uk.co.seeg.SwiftLab-HW-4";
				PRODUCT_NAME = "$(TARGET_NAME)";
				SWIFT_VERSION = 5.0;
				TARGETED_DEVICE_FAMILY = "1,2";
			};
			name = Debug;
		};
		DE85E61023644C29003F7089 /* Release */ = {
			isa = XCBuildConfiguration;
			buildSettings = {
				ASSETCATALOG_COMPILER_APPICON_NAME = AppIcon;
				CODE_SIGN_STYLE = Automatic;
				DEVELOPMENT_TEAM = 8852FM5HMX;
				INFOPLIST_FILE = "SwiftLab_HW-4/Info.plist";
				LD_RUNPATH_SEARCH_PATHS = (
					"$(inherited)",
					"@executable_path/Frameworks",
				);
				PRODUCT_BUNDLE_IDENTIFIER = "uk.co.seeg.SwiftLab-HW-4";
				PRODUCT_NAME = "$(TARGET_NAME)";
				SWIFT_VERSION = 5.0;
				TARGETED_DEVICE_FAMILY = "1,2";
			};
			name = Release;
		};
/* End XCBuildConfiguration section */

/* Begin XCConfigurationList section */
		DE85E5F523644C28003F7089 /* Build configuration list for PBXProject "SwiftLab_HW-4" */ = {
			isa = XCConfigurationList;
			buildConfigurations = (
				DE85E60C23644C29003F7089 /* Debug */,
				DE85E60D23644C29003F7089 /* Release */,
			);
			defaultConfigurationIsVisible = 0;
			defaultConfigurationName = Release;
		};
		DE85E60E23644C29003F7089 /* Build configuration list for PBXNativeTarget "SwiftLab_HW-4" */ = {
			isa = XCConfigurationList;
			buildConfigurations = (
				DE85E60F23644C29003F7089 /* Debug */,
				DE85E61023644C29003F7089 /* Release */,
			);
			defaultConfigurationIsVisible = 0;
			defaultConfigurationName = Release;
		};
/* End XCConfigurationList section */
	};
	rootObject = DE85E5F223644C28003F7089 /* Project object */;
}
